
Microsoft Visual Studio Solution File, Format Version 12.00
# Visual Studio Version 17
VisualStudioVersion = 17.5.002.0
MinimumVisualStudioVersion = 10.0.40219.1
Project("{9A19103F-16F7-4668-BE54-9A1E7A4F7556}") = "Example001", "Example001\Example001.csproj", "{ADCEF436-E1A4-4E01-B0EB-A31ED3951620}"
EndProject
Global
	GlobalSection(SolutionConfigurationPlatforms) = preSolution
		Debug|Any CPU = Debug|Any CPU
		Release|Any CPU = Release|Any CPU
	EndGlobalSection
	GlobalSection(ProjectConfigurationPlatforms) = postSolution
		{ADCEF436-E1A4-4E01-B0EB-A31ED3951620}.Debug|Any CPU.ActiveCfg = Debug|Any CPU
		{ADCEF436-E1A4-4E01-B0EB-A31ED3951620}.Debug|Any CPU.Build.0 = Debug|Any CPU
		{ADCEF436-E1A4-4E01-B0EB-A31ED3951620}.Release|Any CPU.ActiveCfg = Release|Any CPU
		{ADCEF436-E1A4-4E01-B0EB-A31ED3951620}.Release|Any CPU.Build.0 = Release|Any CPU
	EndGlobalSection
	GlobalSection(SolutionProperties) = preSolution
		HideSolutionNode = FALSE
	EndGlobalSection
	GlobalSection(ExtensibilityGlobals) = postSolution
		SolutionGuid = {14A0F9DF-CF38-4140-BA19-81F8AEF17EAF}
	EndGlobalSection
EndGlobal
